Microsoft Visual Studio Solution File, Format Version 7.00
Project("{F184B08F-C81C-45F6-A57F-5ABD9991F28F}") = "ClassGenerator", "ClassGenerator.vbproj", "{A1996D38-BDC1-41CB-A55A-310BAD2334AF}"
EndProject
Global
	GlobalSection(SolutionConfiguration) = preSolution
		ConfigName.0 = Debug
		ConfigName.1 = Release
	EndGlobalSection
	GlobalSection(ProjectDependencies) = postSolution
	EndGlobalSection
	GlobalSection(ProjectConfiguration) = postSolution
		{A1996D38-BDC1-41CB-A55A-310BAD2334AF}.Debug.ActiveCfg = Debug|.NET
		{A1996D38-BDC1-41CB-A55A-310BAD2334AF}.Debug.Build.0 = Debug|.NET
		{A1996D38-BDC1-41CB-A55A-310BAD2334AF}.Release.ActiveCfg = Release|.NET
		{A1996D38-BDC1-41CB-A55A-310BAD2334AF}.Release.Build.0 = Release|.NET
	EndGlobalSection
	GlobalSection(ExtensibilityGlobals) = postSolution
	EndGlobalSection
	GlobalSection(ExtensibilityAddIns) = postSolution
	EndGlobalSection
EndGlobal
