Microsoft Visual Studio Solution File, Format Version 7.00
Project("{F184B08F-C81C-45F6-A57F-5ABD9991F28F}") = "ClassAttributesDemo", "ClassAttributesDemo.vbproj", "{1E051CB9-5CC3-4DB8-9904-A7CE62D20449}"
EndProject
Global
	GlobalSection(SolutionConfiguration) = preSolution
		ConfigName.0 = Debug
		ConfigName.1 = Release
	EndGlobalSection
	GlobalSection(ProjectDependencies) = postSolution
	EndGlobalSection
	GlobalSection(ProjectConfiguration) = postSolution
		{1E051CB9-5CC3-4DB8-9904-A7CE62D20449}.Debug.ActiveCfg = Debug|.NET
		{1E051CB9-5CC3-4DB8-9904-A7CE62D20449}.Debug.Build.0 = Debug|.NET
		{1E051CB9-5CC3-4DB8-9904-A7CE62D20449}.Release.ActiveCfg = Release|.NET
		{1E051CB9-5CC3-4DB8-9904-A7CE62D20449}.Release.Build.0 = Release|.NET
	EndGlobalSection
	GlobalSection(ExtensibilityGlobals) = postSolution
	EndGlobalSection
	GlobalSection(ExtensibilityAddIns) = postSolution
	EndGlobalSection
EndGlobal
